[[package]]
name = "joblib"
version = "0.17.0"
description = "Lightweight pipelining: using Python functions as pipeline jobs."
category = "main"
optional = false
python-versions = ">=3.6"

[[package]]
name = "numpy"
version = "1.19.4"
description = "NumPy is the fundamental package for array computing with Python."
category = "main"
optional = false
python-versions = ">=3.6"

[[package]]
name = "pandas"
version = "1.1.4"
description = "Powerful data structures for data analysis, time series, and statistics"
category = "main"
optional = false
python-versions = ">=3.6.1"

[package.dependencies]
numpy = ">=1.15.4"
python-dateutil = ">=2.7.3"
pytz = ">=2017.2"

[package.extras]
test = ["pytest (>=4.0.2)", "pytest-xdist", "hypothesis (>=3.58)"]

[[package]]
name = "pyinstrument"
version = "3.2.0"
description = "Call stack profiler for Python. Shows you why your code is slow!"
category = "main"
optional = false
python-versions = "*"

[package.dependencies]
pyinstrument-cext = ">=0.2.2"

[[package]]
name = "pyinstrument-cext"
version = "0.2.3"
description = "A CPython extension supporting pyinstrument"
category = "main"
optional = false
python-versions = "*"

[[package]]
name = "python-dateutil"
version = "2.8.1"
description = "Extensions to the standard Python datetime module"
category = "main"
optional = false
python-versions = "!=3.0.*,!=3.1.*,!=3.2.*,>=2.7"

[package.dependencies]
six = ">=1.5"

[[package]]
name = "pytz"
version = "2020.4"
description = "World timezone definitions, modern and historical"
category = "main"
optional = false
python-versions = "*"

[[package]]
name = "scikit-learn"
version = "0.22.1"
description = "A set of python modules for machine learning and data mining"
category = "main"
optional = false
python-versions = ">=3.5"

[package.dependencies]
joblib = ">=0.11"
numpy = ">=1.11.0"
scipy = ">=0.17.0"

[package.extras]
alldeps = ["numpy (>=1.11.0)", "scipy (>=0.17.0)"]

[[package]]
name = "scipy"
version = "1.5.4"
description = "SciPy: Scientific Library for Python"
category = "main"
optional = false
python-versions = ">=3.6"

[package.dependencies]
numpy = ">=1.14.5"

[[package]]
name = "six"
version = "1.15.0"
description = "Python 2 and 3 compatibility utilities"
category = "main"
optional = false
python-versions = ">=2.7, !=3.0.*, !=3.1.*, !=3.2.*"

[metadata]
lock-version = "1.1"
python-versions = "3.7.6"
content-hash = "20f204db516e97118698bf09cb69112617eb2fcc6b768917070fddfc4cac1605"

[metadata.files]
joblib = [
    {file = "joblib-0.17.0-py3-none-any.whl", hash = "sha256:698c311779f347cf6b7e6b8a39bb682277b8ee4aba8cf9507bc0cf4cd4737b72"},
    {file = "joblib-0.17.0.tar.gz", hash = "sha256:9e284edd6be6b71883a63c9b7f124738a3c16195513ad940eae7e3438de885d5"},
]
numpy = [
    {file = "numpy-1.19.4-cp36-cp36m-macosx_10_9_x86_64.whl", hash = "sha256:e9b30d4bd69498fc0c3fe9db5f62fffbb06b8eb9321f92cc970f2969be5e3949"},
    {file = "numpy-1.19.4-cp36-cp36m-manylinux1_i686.whl", hash = "sha256:fedbd128668ead37f33917820b704784aff695e0019309ad446a6d0b065b57e4"},
    {file = "numpy-1.19.4-cp36-cp36m-manylinux1_x86_64.whl", hash = "sha256:8ece138c3a16db8c1ad38f52eb32be6086cc72f403150a79336eb2045723a1ad"},
    {file = "numpy-1.19.4-cp36-cp36m-manylinux2010_i686.whl", hash = "sha256:64324f64f90a9e4ef732be0928be853eee378fd6a01be21a0a8469c4f2682c83"},
    {file = "numpy-1.19.4-cp36-cp36m-manylinux2010_x86_64.whl", hash = "sha256:ad6f2ff5b1989a4899bf89800a671d71b1612e5ff40866d1f4d8bcf48d4e5764"},
    {file = "numpy-1.19.4-cp36-cp36m-manylinux2014_aarch64.whl", hash = "sha256:d6c7bb82883680e168b55b49c70af29b84b84abb161cbac2800e8fcb6f2109b6"},
    {file = "numpy-1.19.4-cp36-cp36m-win32.whl", hash = "sha256:13d166f77d6dc02c0a73c1101dd87fdf01339febec1030bd810dcd53fff3b0f1"},
    {file = "numpy-1.19.4-cp36-cp36m-win_amd64.whl", hash = "sha256:448ebb1b3bf64c0267d6b09a7cba26b5ae61b6d2dbabff7c91b660c7eccf2bdb"},
    {file = "numpy-1.19.4-cp37-cp37m-macosx_10_9_x86_64.whl", hash = "sha256:27d3f3b9e3406579a8af3a9f262f5339005dd25e0ecf3cf1559ff8a49ed5cbf2"},
    {file = "numpy-1.19.4-cp37-cp37m-manylinux1_i686.whl", hash = "sha256:16c1b388cc31a9baa06d91a19366fb99ddbe1c7b205293ed072211ee5bac1ed2"},
    {file = "numpy-1.19.4-cp37-cp37m-manylinux1_x86_64.whl", hash = "sha256:e5b6ed0f0b42317050c88022349d994fe72bfe35f5908617512cd8c8ef9da2a9"},
    {file = "numpy-1.19.4-cp37-cp37m-manylinux2010_i686.whl", hash = "sha256:18bed2bcb39e3f758296584337966e68d2d5ba6aab7e038688ad53c8f889f757"},
    {file = "numpy-1.19.4-cp37-cp37m-manylinux2010_x86_64.whl", hash = "sha256:fe45becb4c2f72a0907c1d0246ea6449fe7a9e2293bb0e11c4e9a32bb0930a15"},
    {file = "numpy-1.19.4-cp37-cp37m-manylinux2014_aarch64.whl", hash = "sha256:6d7593a705d662be5bfe24111af14763016765f43cb6923ed86223f965f52387"},
    {file = "numpy-1.19.4-cp37-cp37m-win32.whl", hash = "sha256:6ae6c680f3ebf1cf7ad1d7748868b39d9f900836df774c453c11c5440bc15b36"},
    {file = "numpy-1.19.4-cp37-cp37m-win_amd64.whl", hash = "sha256:9eeb7d1d04b117ac0d38719915ae169aa6b61fca227b0b7d198d43728f0c879c"},
    {file = "numpy-1.19.4-cp38-cp38-macosx_10_9_x86_64.whl", hash = "sha256:cb1017eec5257e9ac6209ac172058c430e834d5d2bc21961dceeb79d111e5909"},
    {file = "numpy-1.19.4-cp38-cp38-manylinux1_i686.whl", hash = "sha256:edb01671b3caae1ca00881686003d16c2209e07b7ef8b7639f1867852b948f7c"},
    {file = "numpy-1.19.4-cp38-cp38-manylinux1_x86_64.whl", hash = "sha256:f29454410db6ef8126c83bd3c968d143304633d45dc57b51252afbd79d700893"},
    {file = "numpy-1.19.4-cp38-cp38-manylinux2010_i686.whl", hash = "sha256:ec149b90019852266fec2341ce1db513b843e496d5a8e8cdb5ced1923a92faab"},
    {file = "numpy-1.19.4-cp38-cp38-manylinux2010_x86_64.whl", hash = "sha256:1aeef46a13e51931c0b1cf8ae1168b4a55ecd282e6688fdb0a948cc5a1d5afb9"},
    {file = "numpy-1.19.4-cp38-cp38-manylinux2014_aarch64.whl", hash = "sha256:08308c38e44cc926bdfce99498b21eec1f848d24c302519e64203a8da99a97db"},
    {file = "numpy-1.19.4-cp38-cp38-win32.whl", hash = "sha256:5734bdc0342aba9dfc6f04920988140fb41234db42381cf7ccba64169f9fe7ac"},
    {file = "numpy-1.19.4-cp38-cp38-win_amd64.whl", hash = "sha256:09c12096d843b90eafd01ea1b3307e78ddd47a55855ad402b157b6c4862197ce"},
    {file = "numpy-1.19.4-cp39-cp39-macosx_10_9_x86_64.whl", hash = "sha256:e452dc66e08a4ce642a961f134814258a082832c78c90351b75c41ad16f79f63"},
    {file = "numpy-1.19.4-cp39-cp39-manylinux1_i686.whl", hash = "sha256:a5d897c14513590a85774180be713f692df6fa8ecf6483e561a6d47309566f37"},
    {file = "numpy-1.19.4-cp39-cp39-manylinux1_x86_64.whl", hash = "sha256:a09f98011236a419ee3f49cedc9ef27d7a1651df07810ae430a6b06576e0b414"},
    {file = "numpy-1.19.4-cp39-cp39-manylinux2010_i686.whl", hash = "sha256:50e86c076611212ca62e5a59f518edafe0c0730f7d9195fec718da1a5c2bb1fc"},
    {file = "numpy-1.19.4-cp39-cp39-manylinux2010_x86_64.whl", hash = "sha256:f0d3929fe88ee1c155129ecd82f981b8856c5d97bcb0d5f23e9b4242e79d1de3"},
    {file = "numpy-1.19.4-cp39-cp39-manylinux2014_aarch64.whl", hash = "sha256:c42c4b73121caf0ed6cd795512c9c09c52a7287b04d105d112068c1736d7c753"},
    {file = "numpy-1.19.4-cp39-cp39-win32.whl", hash = "sha256:8cac8790a6b1ddf88640a9267ee67b1aee7a57dfa2d2dd33999d080bc8ee3a0f"},
    {file = "numpy-1.19.4-cp39-cp39-win_amd64.whl", hash = "sha256:4377e10b874e653fe96985c05feed2225c912e328c8a26541f7fc600fb9c637b"},
    {file = "numpy-1.19.4-pp36-pypy36_pp73-manylinux2010_x86_64.whl", hash = "sha256:2a2740aa9733d2e5b2dfb33639d98a64c3b0f24765fed86b0fd2aec07f6a0a08"},
    {file = "numpy-1.19.4.zip", hash = "sha256:141ec3a3300ab89c7f2b0775289954d193cc8edb621ea05f99db9cb181530512"},
]
pandas = [
    {file = "pandas-1.1.4-cp36-cp36m-macosx_10_9_x86_64.whl", hash = "sha256:e2b8557fe6d0a18db4d61c028c6af61bfed44ef90e419ed6fadbdc079eba141e"},
    {file = "pandas-1.1.4-cp36-cp36m-manylinux1_i686.whl", hash = "sha256:3aa8e10768c730cc1b610aca688f588831fa70b65a26cb549fbb9f35049a05e0"},
    {file = "pandas-1.1.4-cp36-cp36m-manylinux1_x86_64.whl", hash = "sha256:185cf8c8f38b169dbf7001e1a88c511f653fbb9dfa3e048f5e19c38049e991dc"},
    {file = "pandas-1.1.4-cp36-cp36m-manylinux2014_aarch64.whl", hash = "sha256:0d9a38a59242a2f6298fff45d09768b78b6eb0c52af5919ea9e45965d7ba56d9"},
    {file = "pandas-1.1.4-cp36-cp36m-win32.whl", hash = "sha256:8b4c2055ebd6e497e5ecc06efa5b8aa76f59d15233356eb10dad22a03b757805"},
    {file = "pandas-1.1.4-cp36-cp36m-win_amd64.whl", hash = "sha256:5dac3aeaac5feb1016e94bde851eb2012d1733a222b8afa788202b836c97dad5"},
    {file = "pandas-1.1.4-cp37-cp37m-macosx_10_9_x86_64.whl", hash = "sha256:6d2b5b58e7df46b2c010ec78d7fb9ab20abf1d306d0614d3432e7478993fbdb0"},
    {file = "pandas-1.1.4-cp37-cp37m-manylinux1_i686.whl", hash = "sha256:c681e8fcc47a767bf868341d8f0d76923733cbdcabd6ec3a3560695c69f14a1e"},
    {file = "pandas-1.1.4-cp37-cp37m-manylinux1_x86_64.whl", hash = "sha256:c5a3597880a7a29a31ebd39b73b2c824316ae63a05c3c8a5ce2aea3fc68afe35"},
    {file = "pandas-1.1.4-cp37-cp37m-manylinux2014_aarch64.whl", hash = "sha256:6613c7815ee0b20222178ad32ec144061cb07e6a746970c9160af1ebe3ad43b4"},
    {file = "pandas-1.1.4-cp37-cp37m-win32.whl", hash = "sha256:43cea38cbcadb900829858884f49745eb1f42f92609d368cabcc674b03e90efc"},
    {file = "pandas-1.1.4-cp37-cp37m-win_amd64.whl", hash = "sha256:5378f58172bd63d8c16dd5d008d7dcdd55bf803fcdbe7da2dcb65dbbf322f05b"},
    {file = "pandas-1.1.4-cp38-cp38-macosx_10_9_x86_64.whl", hash = "sha256:a7d2547b601ecc9a53fd41561de49a43d2231728ad65c7713d6b616cd02ddbed"},
    {file = "pandas-1.1.4-cp38-cp38-manylinux1_i686.whl", hash = "sha256:41746d520f2b50409dffdba29a15c42caa7babae15616bcf80800d8cfcae3d3e"},
    {file = "pandas-1.1.4-cp38-cp38-manylinux1_x86_64.whl", hash = "sha256:a15653480e5b92ee376f8458197a58cca89a6e95d12cccb4c2d933df5cecc63f"},
    {file = "pandas-1.1.4-cp38-cp38-manylinux2014_aarch64.whl", hash = "sha256:5fdb2a61e477ce58d3f1fdf2470ee142d9f0dde4969032edaf0b8f1a9dafeaa2"},
    {file = "pandas-1.1.4-cp38-cp38-win32.whl", hash = "sha256:8a5d7e57b9df2c0a9a202840b2881bb1f7a648eba12dd2d919ac07a33a36a97f"},
    {file = "pandas-1.1.4-cp38-cp38-win_amd64.whl", hash = "sha256:54404abb1cd3f89d01f1fb5350607815326790efb4789be60508f458cdd5ccbf"},
    {file = "pandas-1.1.4-cp39-cp39-macosx_10_9_x86_64.whl", hash = "sha256:112c5ba0f9ea0f60b2cc38c25f87ca1d5ca10f71efbee8e0f1bee9cf584ed5d5"},
    {file = "pandas-1.1.4-cp39-cp39-manylinux1_i686.whl", hash = "sha256:cf135a08f306ebbcfea6da8bf775217613917be23e5074c69215b91e180caab4"},
    {file = "pandas-1.1.4-cp39-cp39-manylinux1_x86_64.whl", hash = "sha256:b1f8111635700de7ac350b639e7e452b06fc541a328cf6193cf8fc638804bab8"},
    {file = "pandas-1.1.4-cp39-cp39-win32.whl", hash = "sha256:09e0503758ad61afe81c9069505f8cb8c1e36ea8cc1e6826a95823ef5b327daf"},
    {file = "pandas-1.1.4-cp39-cp39-win_amd64.whl", hash = "sha256:0a11a6290ef3667575cbd4785a1b62d658c25a2fd70a5adedba32e156a8f1773"},
    {file = "pandas-1.1.4.tar.gz", hash = "sha256:a979d0404b135c63954dea79e6246c45dd45371a88631cdbb4877d844e6de3b6"},
]
pyinstrument = [
    {file = "pyinstrument-3.2.0-py2.py3-none-any.whl", hash = "sha256:266a02d874799a8e06889ed9030dcef518b61c7a8e64a3a0ad0754645f901285"},
    {file = "pyinstrument-3.2.0.tar.gz", hash = "sha256:ce8fef6ea88349f0060b6d974483fd64d2c061346e6b78bca6357509a5121665"},
]
pyinstrument-cext = [
    {file = "pyinstrument_cext-0.2.3-cp27-cp27m-macosx_10_9_x86_64.whl", hash = "sha256:22c08778c7cf184070a791cb8e650d8ae0f7dff41ca51232dc4f948677fbd3b9"},
    {file = "pyinstrument_cext-0.2.3-cp27-cp27m-manylinux1_i686.whl", hash = "sha256:e99a7108a8704340d76386c4cc3c961358a33d5fef1687d42b7f43f4820d5f71"},
    {file = "pyinstrument_cext-0.2.3-cp27-cp27m-manylinux1_x86_64.whl", hash = "sha256:dfb699ef3cb88c810c5af04a415b7db374cd161374eee3054721982962cdd326"},
    {file = "pyinstrument_cext-0.2.3-cp27-cp27m-manylinux2010_i686.whl", hash = "sha256:0dbfa6963099f8fd0bc10b1bea518b939e3e51c91ef84ce2015cb5487bf4fe89"},
    {file = "pyinstrument_cext-0.2.3-cp27-cp27m-manylinux2010_x86_64.whl", hash = "sha256:3906f1f100894cf5bfd59be89bb55d26c34ae152f231909d6ccf116f759e7eb0"},
    {file = "pyinstrument_cext-0.2.3-cp27-cp27m-win32.whl", hash = "sha256:ead51ff20664e587a1a1c56c12e0f99ae4ed2b8846793d233a30dbb7c355015e"},
    {file = "pyinstrument_cext-0.2.3-cp27-cp27m-win_amd64.whl", hash = "sha256:3a3b9a4f52696dcee04eb14403e69d7a0e1dca5a98e35c17149936d8449a17f7"},
    {file = "pyinstrument_cext-0.2.3-cp27-cp27mu-manylinux1_i686.whl", hash = "sha256:8ff0e86370d145b34c6c12ead4184828f823eaea421473c229260a66decfb04e"},
    {file = "pyinstrument_cext-0.2.3-cp27-cp27mu-manylinux1_x86_64.whl", hash = "sha256:29b9976847abba1a6b1c2c270bf9ff80c960808d147a07e4f72b792edc70ba15"},
    {file = "pyinstrument_cext-0.2.3-cp27-cp27mu-manylinux2010_i686.whl", hash = "sha256:b36b04161d7b8b9a44a743ea726ca81c1c17f53f3f88db4b6e8c6d2743bf4f14"},
    {file = "pyinstrument_cext-0.2.3-cp27-cp27mu-manylinux2010_x86_64.whl", hash = "sha256:348748d43c7b85b05d8130b42aadf0e9359a91bc0d66f3d90f26e9a359cf2181"},
    {file = "pyinstrument_cext-0.2.3-cp35-cp35m-macosx_10_9_x86_64.whl", hash = "sha256:8fcaa7a1bbcd281a68542a76dfde03b81b710077be45f77327047d1bae0f323d"},
    {file = "pyinstrument_cext-0.2.3-cp35-cp35m-manylinux1_i686.whl", hash = "sha256:a2f552d454af2175ccb029a1530ad22351a5086da96c1d55074596a637ff9b45"},
    {file = "pyinstrument_cext-0.2.3-cp35-cp35m-manylinux1_x86_64.whl", hash = "sha256:b4d36b8434d5363e7e0ec40e21faf97a372572275209067411e02c91477025b2"},
    {file = "pyinstrument_cext-0.2.3-cp35-cp35m-manylinux2010_i686.whl", hash = "sha256:18bc6227467fb77e99cc550fc7e2bb6b15a1aac94ba33fe3ae6b6ad6f26289f4"},
    {file = "pyinstrument_cext-0.2.3-cp35-cp35m-manylinux2010_x86_64.whl", hash = "sha256:4fc5ffa6169fb809124cffafedc12e9a96d0042433913a86383a183e0fc88b2c"},
    {file = "pyinstrument_cext-0.2.3-cp35-cp35m-win32.whl", hash = "sha256:35c7e408a17d5553cd589b14188c36b0264f5e9f8f19d42d2a388b4c98c40081"},
    {file = "pyinstrument_cext-0.2.3-cp35-cp35m-win_amd64.whl", hash = "sha256:16337b9e87b69972640fcc13cf76642094a60755f211f9f257a84c25ca86c6e3"},
    {file = "pyinstrument_cext-0.2.3-cp36-cp36m-macosx_10_9_x86_64.whl", hash = "sha256:be11e959fc86ce9a81f927ee2d17b5298da22034cc2fcde5c893fdc3db328ddd"},
    {file = "pyinstrument_cext-0.2.3-cp36-cp36m-manylinux1_i686.whl", hash = "sha256:10cd49702830ed825ea64f4daa0d2183d7fde8dc93f8652415c3866be0088162"},
    {file = "pyinstrument_cext-0.2.3-cp36-cp36m-manylinux1_x86_64.whl", hash = "sha256:cce889e3a54b38b0ccc7d9a9d6c641216d7aa4f23083c191a668392ec1c52c74"},
    {file = "pyinstrument_cext-0.2.3-cp36-cp36m-manylinux2010_i686.whl", hash = "sha256:ab905d57e25d69f6264bfd3dbefd01c97faf2eeb1370130e70a2ee442420f95b"},
    {file = "pyinstrument_cext-0.2.3-cp36-cp36m-manylinux2010_x86_64.whl", hash = "sha256:a99823ee51aca77727fd5cd660b0a39bb46496227707fb23af7b14c58a25794f"},
    {file = "pyinstrument_cext-0.2.3-cp36-cp36m-win32.whl", hash = "sha256:d4d061b274ea1417509dfff2f1db834da098bec9e22b2c958b13d825aa736482"},
    {file = "pyinstrument_cext-0.2.3-cp36-cp36m-win_amd64.whl", hash = "sha256:b2fd930d7886be4f3c301e37bae1ba3cfc2fc68295c58ec2f6a2324b3f41ce0d"},
    {file = "pyinstrument_cext-0.2.3-cp37-cp37m-macosx_10_9_x86_64.whl", hash = "sha256:e0be0c120b99aeaf0db09bce9dc79fa04512165a44e62905031cad38a318fa81"},
    {file = "pyinstrument_cext-0.2.3-cp37-cp37m-manylinux1_i686.whl", hash = "sha256:0163bb5da0508db253663323d0e7a4aba2aece32f19e089ebfa9cfc088d58892"},
    {file = "pyinstrument_cext-0.2.3-cp37-cp37m-manylinux1_x86_64.whl", hash = "sha256:7905b4e146b27ee96ac276fb7fcfa89b5e47af211be0f2ee23f57e71badeacfe"},
    {file = "pyinstrument_cext-0.2.3-cp37-cp37m-manylinux2010_i686.whl", hash = "sha256:888f6a38cf8bbecf3b49c8df103a85ebb63bc5ae5e316088a0dcd9243722729d"},
    {file = "pyinstrument_cext-0.2.3-cp37-cp37m-manylinux2010_x86_64.whl", hash = "sha256:1dd362b767fd757f3aba9bcb7d03c9ed04ef99bebe1d9cba07dfbec258bb8bd9"},
    {file = "pyinstrument_cext-0.2.3-cp37-cp37m-win32.whl", hash = "sha256:283b13be5616763ddad65b980bee0c8a826b589d2e2331281bebd78e9f9e7dff"},
    {file = "pyinstrument_cext-0.2.3-cp37-cp37m-win_amd64.whl", hash = "sha256:7d23aa4f3696dd53f357150512e08d88ae8c0a5eafe97cd14d68e2eb87f95ca7"},
    {file = "pyinstrument_cext-0.2.3-cp38-cp38-macosx_10_9_x86_64.whl", hash = "sha256:2ad5bb4417b69f3216a2e324fa39bfd5168dba8274a75809b38db82381acf923"},
    {file = "pyinstrument_cext-0.2.3-cp38-cp38-manylinux1_i686.whl", hash = "sha256:1f9d27afba84e9098d4a2626f85c221de82e19e955c7e0076e16541bfb5e2249"},
    {file = "pyinstrument_cext-0.2.3-cp38-cp38-manylinux1_x86_64.whl", hash = "sha256:203cefeb11d356d0d345ff505e515001e9acce791dd2cefb72d15dd3f01a5823"},
    {file = "pyinstrument_cext-0.2.3-cp38-cp38-manylinux2010_i686.whl", hash = "sha256:cc1caf044df48620e0217bd4f5a51a54b26c320206f8dcc33a0c30c3584f845b"},
    {file = "pyinstrument_cext-0.2.3-cp38-cp38-manylinux2010_x86_64.whl", hash = "sha256:a08e66d251a08abc9cc1f72ed779da8ed941a6551a3f288adc2948c675ab8f7d"},
    {file = "pyinstrument_cext-0.2.3-cp38-cp38-win32.whl", hash = "sha256:96eea94ef3541199ba44ddac3dfdc14bda0e9cc256eec212e78ffc2c79d518ea"},
    {file = "pyinstrument_cext-0.2.3-cp38-cp38-win_amd64.whl", hash = "sha256:9f10385b77ee2c0354deed08a010d7252c10a64a8d6ca663c3758a05646e8311"},
    {file = "pyinstrument_cext-0.2.3-cp39-cp39-macosx_10_9_x86_64.whl", hash = "sha256:89b999cdf89cc7217502ed9e56550c0419e89d4b5923f3b6afc695c2e461ee7a"},
    {file = "pyinstrument_cext-0.2.3-cp39-cp39-manylinux1_i686.whl", hash = "sha256:79ac1524bfca035154128b13eedfdaf5f9a64ac6388a1cda72ec32c001fe1b11"},
    {file = "pyinstrument_cext-0.2.3-cp39-cp39-manylinux1_x86_64.whl", hash = "sha256:286d838aea8db66619bc022fae0a10726a318781a230a6287001d3eca508b9c5"},
    {file = "pyinstrument_cext-0.2.3-cp39-cp39-manylinux2010_i686.whl", hash = "sha256:1eeda496a01edf5b07bb7e98c1e77338401838e50990ceaed4c278408c2065d9"},
    {file = "pyinstrument_cext-0.2.3-cp39-cp39-manylinux2010_x86_64.whl", hash = "sha256:55cfe52be25a40950adbd74f475b51cf341541026dccf452d1593e20873aeec6"},
    {file = "pyinstrument_cext-0.2.3-cp39-cp39-win32.whl", hash = "sha256:19780f18ea22110be136949ac82b95cba3932404fe4374509f56643dfcd9bb6b"},
    {file = "pyinstrument_cext-0.2.3-cp39-cp39-win_amd64.whl", hash = "sha256:d47f1ce5321683fcad7a93e49fe476857c20dc69130f46021cf003e8e01f451a"},
    {file = "pyinstrument_cext-0.2.3.tar.gz", hash = "sha256:cffce005783ad40613c669131bf192cb217803afe514544ca7f4b928be3e24f2"},
]
python-dateutil = [
    {file = "python-dateutil-2.8.1.tar.gz", hash = "sha256:73ebfe9dbf22e832286dafa60473e4cd239f8592f699aa5adaf10050e6e1823c"},
    {file = "python_dateutil-2.8.1-py2.py3-none-any.whl", hash = "sha256:75bb3f31ea686f1197762692a9ee6a7550b59fc6ca3a1f4b5d7e32fb98e2da2a"},
]
pytz = [
    {file = "pytz-2020.4-py2.py3-none-any.whl", hash = "sha256:5c55e189b682d420be27c6995ba6edce0c0a77dd67bfbe2ae6607134d5851ffd"},
    {file = "pytz-2020.4.tar.gz", hash = "sha256:3e6b7dd2d1e0a59084bcee14a17af60c5c562cdc16d828e8eba2e683d3a7e268"},
]
scikit-learn = [
    {file = "scikit-learn-0.22.1.tar.gz", hash = "sha256:51ee25330fc244107588545c70e2f3570cfc4017cff09eed69d6e1d82a212b7d"},
    {file = "scikit_learn-0.22.1-cp35-cp35m-macosx_10_6_intel.whl", hash = "sha256:6fad30299ef3dd103871ad1235b445fd5d2df47c424746eaf3c50fbc99c49cef"},
    {file = "scikit_learn-0.22.1-cp35-cp35m-manylinux1_i686.whl", hash = "sha256:28033cb7b50b8a6c3762cddd41dc7e5449347dedfa353409a576082e76309d09"},
    {file = "scikit_learn-0.22.1-cp35-cp35m-manylinux1_x86_64.whl", hash = "sha256:d92b81615854504c27063e0970aed37e644eea5991444558c8aca8fadc1483b3"},
    {file = "scikit_learn-0.22.1-cp35-cp35m-win32.whl", hash = "sha256:13b9ac18d48c051dfea32783067f2e45552e45852b88f3bccdb5c72fa56df3fe"},
    {file = "scikit_learn-0.22.1-cp35-cp35m-win_amd64.whl", hash = "sha256:956a68772df02342af129e8bbe858b3053745c36beb6351a13641e3b56e0df23"},
    {file = "scikit_learn-0.22.1-cp36-cp36m-macosx_10_6_intel.whl", hash = "sha256:f18ae2abc09cb94a171840829a8132dda7267c941eb431387a6014f943946825"},
    {file = "scikit_learn-0.22.1-cp36-cp36m-manylinux1_i686.whl", hash = "sha256:ebdf03b6e7f784e360ab26cf400cd2125d650c0903ef11086c0a3f2b4b07e603"},
    {file = "scikit_learn-0.22.1-cp36-cp36m-manylinux1_x86_64.whl", hash = "sha256:80eec2f54cc7f51c5abb743f09506e009ba2b95bf6fb0e554aa0d8959b680003"},
    {file = "scikit_learn-0.22.1-cp36-cp36m-win32.whl", hash = "sha256:93001af23b0f1e68d93447f9d56bad631d4fc28eafd78b09469fb55aeff715b1"},
    {file = "scikit_learn-0.22.1-cp36-cp36m-win_amd64.whl", hash = "sha256:671874343a0b33bc0dbcae4af0b9a77c55b8132b33887fbfe086681c3f010840"},
    {file = "scikit_learn-0.22.1-cp37-cp37m-macosx_10_6_intel.whl", hash = "sha256:7f1cdfd3c5e9d0951e273f49bb25bd9886537ab77e2273502b8676c3105828ae"},
    {file = "scikit_learn-0.22.1-cp37-cp37m-manylinux1_i686.whl", hash = "sha256:1e0cb60dae75da9e72d38569d18bbad5008777defd23585035a1314a01af966c"},
    {file = "scikit_learn-0.22.1-cp37-cp37m-manylinux1_x86_64.whl", hash = "sha256:96e1365ba285903e493b1e9505b533171c852f7069d038dcc3395ece952fdc78"},
    {file = "scikit_learn-0.22.1-cp37-cp37m-win32.whl", hash = "sha256:06c9816249b9664ef1b04ad6a5d4dfe0c4017c584858c4e658861c2ac5eb4f31"},
    {file = "scikit_learn-0.22.1-cp37-cp37m-win_amd64.whl", hash = "sha256:d92ed650c32db013f66bba63af4922bd7a9b8c5802d4ee292332e504e567bd4a"},
    {file = "scikit_learn-0.22.1-cp38-cp38-macosx_10_9_x86_64.whl", hash = "sha256:571476fbb826c87ad300a5aad0238c14a590ab7df5cb823ee19ac077bf13b5f4"},
    {file = "scikit_learn-0.22.1-cp38-cp38-manylinux1_i686.whl", hash = "sha256:2d35ece66767dd197d020940b1dab3be92ddbb1c96aaef0936d9c4369d544d69"},
    {file = "scikit_learn-0.22.1-cp38-cp38-manylinux1_x86_64.whl", hash = "sha256:bacc63185520d9eb295d79fa62c388fd7145783920a1fb113451a0b294994cad"},
    {file = "scikit_learn-0.22.1-cp38-cp38-win32.whl", hash = "sha256:5e0b5bebfd8bd8ab89b58c44acb95ddcc9439b23c875ed597842991cafc18b62"},
    {file = "scikit_learn-0.22.1-cp38-cp38-win_amd64.whl", hash = "sha256:12ec6b2821a0b4d1b7cbe0e5d6387e64e25e6ec8cfef058b276a14509c3a537b"},
]
scipy = [
    {file = "scipy-1.5.4-cp36-cp36m-macosx_10_9_x86_64.whl", hash = "sha256:4f12d13ffbc16e988fa40809cbbd7a8b45bc05ff6ea0ba8e3e41f6f4db3a9e47"},
    {file = "scipy-1.5.4-cp36-cp36m-manylinux1_i686.whl", hash = "sha256:a254b98dbcc744c723a838c03b74a8a34c0558c9ac5c86d5561703362231107d"},
    {file = "scipy-1.5.4-cp36-cp36m-manylinux1_x86_64.whl", hash = "sha256:368c0f69f93186309e1b4beb8e26d51dd6f5010b79264c0f1e9ca00cd92ea8c9"},
    {file = "scipy-1.5.4-cp36-cp36m-manylinux2014_aarch64.whl", hash = "sha256:4598cf03136067000855d6b44d7a1f4f46994164bcd450fb2c3d481afc25dd06"},
    {file = "scipy-1.5.4-cp36-cp36m-win32.whl", hash = "sha256:e98d49a5717369d8241d6cf33ecb0ca72deee392414118198a8e5b4c35c56340"},
    {file = "scipy-1.5.4-cp36-cp36m-win_amd64.whl", hash = "sha256:65923bc3809524e46fb7eb4d6346552cbb6a1ffc41be748535aa502a2e3d3389"},
    {file = "scipy-1.5.4-cp37-cp37m-macosx_10_9_x86_64.whl", hash = "sha256:9ad4fcddcbf5dc67619379782e6aeef41218a79e17979aaed01ed099876c0e62"},
    {file = "scipy-1.5.4-cp37-cp37m-manylinux1_i686.whl", hash = "sha256:f87b39f4d69cf7d7529d7b1098cb712033b17ea7714aed831b95628f483fd012"},
    {file = "scipy-1.5.4-cp37-cp37m-manylinux1_x86_64.whl", hash = "sha256:25b241034215247481f53355e05f9e25462682b13bd9191359075682adcd9554"},
    {file = "scipy-1.5.4-cp37-cp37m-manylinux2014_aarch64.whl", hash = "sha256:fa789583fc94a7689b45834453fec095245c7e69c58561dc159b5d5277057e4c"},
    {file = "scipy-1.5.4-cp37-cp37m-win32.whl", hash = "sha256:d6d25c41a009e3c6b7e757338948d0076ee1dd1770d1c09ec131f11946883c54"},
    {file = "scipy-1.5.4-cp37-cp37m-win_amd64.whl", hash = "sha256:2c872de0c69ed20fb1a9b9cf6f77298b04a26f0b8720a5457be08be254366c6e"},
    {file = "scipy-1.5.4-cp38-cp38-macosx_10_9_x86_64.whl", hash = "sha256:e360cb2299028d0b0d0f65a5c5e51fc16a335f1603aa2357c25766c8dab56938"},
    {file = "scipy-1.5.4-cp38-cp38-manylinux1_i686.whl", hash = "sha256:3397c129b479846d7eaa18f999369a24322d008fac0782e7828fa567358c36ce"},
    {file = "scipy-1.5.4-cp38-cp38-manylinux1_x86_64.whl", hash = "sha256:168c45c0c32e23f613db7c9e4e780bc61982d71dcd406ead746c7c7c2f2004ce"},
    {file = "scipy-1.5.4-cp38-cp38-manylinux2014_aarch64.whl", hash = "sha256:213bc59191da2f479984ad4ec39406bf949a99aba70e9237b916ce7547b6ef42"},
    {file = "scipy-1.5.4-cp38-cp38-win32.whl", hash = "sha256:634568a3018bc16a83cda28d4f7aed0d803dd5618facb36e977e53b2df868443"},
    {file = "scipy-1.5.4-cp38-cp38-win_amd64.whl", hash = "sha256:b03c4338d6d3d299e8ca494194c0ae4f611548da59e3c038813f1a43976cb437"},
    {file = "scipy-1.5.4-cp39-cp39-macosx_10_9_x86_64.whl", hash = "sha256:3d5db5d815370c28d938cf9b0809dade4acf7aba57eaf7ef733bfedc9b2474c4"},
    {file = "scipy-1.5.4-cp39-cp39-manylinux1_i686.whl", hash = "sha256:6b0ceb23560f46dd236a8ad4378fc40bad1783e997604ba845e131d6c680963e"},
    {file = "scipy-1.5.4-cp39-cp39-manylinux1_x86_64.whl", hash = "sha256:ed572470af2438b526ea574ff8f05e7f39b44ac37f712105e57fc4d53a6fb660"},
    {file = "scipy-1.5.4-cp39-cp39-manylinux2014_aarch64.whl", hash = "sha256:8c8d6ca19c8497344b810b0b0344f8375af5f6bb9c98bd42e33f747417ab3f57"},
    {file = "scipy-1.5.4-cp39-cp39-win32.whl", hash = "sha256:d84cadd7d7998433334c99fa55bcba0d8b4aeff0edb123b2a1dfcface538e474"},
    {file = "scipy-1.5.4-cp39-cp39-win_amd64.whl", hash = "sha256:cc1f78ebc982cd0602c9a7615d878396bec94908db67d4ecddca864d049112f2"},
    {file = "scipy-1.5.4.tar.gz", hash = "sha256:4a453d5e5689de62e5d38edf40af3f17560bfd63c9c5bd228c18c1f99afa155b"},
]
six = [
    {file = "six-1.15.0-py2.py3-none-any.whl", hash = "sha256:8b74bedcbbbaca38ff6d7491d76f2b06b3592611af620f8426e82dddb04a5ced"},
    {file = "six-1.15.0.tar.gz", hash = "sha256:30639c035cdb23534cd4aa2dd52c3bf48f06e5f4a941509c8bafd8ce11080259"},
]
